
Microsoft Visual Studio Solution File, Format Version 12.00
# Visual Studio Version 17
VisualStudioVersion = 17.13.35931.197
MinimumVisualStudioVersion = 10.0.40219.1
Project("{2150E333-8FDC-42A3-9474-1A3956D46DE8}") = "BongoWeb", "BongoWeb", "{0B1064E3-B36E-4D3D-8225-56D9BEC5E4D7}"
EndProject
Project("{FAE04EC0-301F-11D3-BF4B-00C04F79EFBC}") = "Bongo.Core", "Bongo_InitialSetup (.NET 6)\Bongo.Core\Bongo.Core.csproj", "{44D74A0B-92CB-41E7-8875-0B35031D83CC}"
EndProject
Project("{FAE04EC0-301F-11D3-BF4B-00C04F79EFBC}") = "Bongo.DataAccess", "Bongo_InitialSetup (.NET 6)\Bongo.DataAccess\Bongo.DataAccess.csproj", "{35FB5F8C-3980-C63C-79C8-44493D7270E8}"
EndProject
Project("{FAE04EC0-301F-11D3-BF4B-00C04F79EFBC}") = "Bongo.Models", "Bongo_InitialSetup (.NET 6)\Bongo.Models\Bongo.Models.csproj", "{FE41041F-44F8-25E1-32FB-467BE887C70C}"
EndProject
Project("{FAE04EC0-301F-11D3-BF4B-00C04F79EFBC}") = "Bongo.Web", "Bongo_InitialSetup (.NET 6)\Bongo.Web\Bongo.Web.csproj", "{0C233335-A125-51EB-A6D6-068010CE28EB}"
EndProject
Project("{FAE04EC0-301F-11D3-BF4B-00C04F79EFBC}") = "Bongo.Models.Tests", "Bongo.Models.Tests\Bongo.Models.Tests.csproj", "{3396DA84-E88A-4FAC-B7A3-BBF6A04B027E}"
EndProject
Project("{FAE04EC0-301F-11D3-BF4B-00C04F79EFBC}") = "Bongo.DataAcces.Tests", "Bongo.DataAcces.Tests\Bongo.DataAcces.Tests.csproj", "{DA833DA4-3575-49B3-B8E9-CEBD82238BB9}"
EndProject
Project("{FAE04EC0-301F-11D3-BF4B-00C04F79EFBC}") = "Bongo.Core.Tests", "Bongo.Core.Tests\Bongo.Core.Tests.csproj", "{7CF1D13E-A535-4588-832F-1AA19109CFEB}"
EndProject
Project("{FAE04EC0-301F-11D3-BF4B-00C04F79EFBC}") = "Bongo.Web.Tests", "Bongo.Web.Tests\Bongo.Web.Tests.csproj", "{CA20D31A-A038-4383-ABFA-D05CE5D6D1C8}"
EndProject
Global
	GlobalSection(SolutionConfigurationPlatforms) = preSolution
		Debug|Any CPU = Debug|Any CPU
		Release|Any CPU = Release|Any CPU
	EndGlobalSection
	GlobalSection(ProjectConfigurationPlatforms) = postSolution
		{44D74A0B-92CB-41E7-8875-0B35031D83CC}.Debug|Any CPU.ActiveCfg = Debug|Any CPU
		{44D74A0B-92CB-41E7-8875-0B35031D83CC}.Debug|Any CPU.Build.0 = Debug|Any CPU
		{44D74A0B-92CB-41E7-8875-0B35031D83CC}.Release|Any CPU.ActiveCfg = Release|Any CPU
		{44D74A0B-92CB-41E7-8875-0B35031D83CC}.Release|Any CPU.Build.0 = Release|Any CPU
		{35FB5F8C-3980-C63C-79C8-44493D7270E8}.Debug|Any CPU.ActiveCfg = Debug|Any CPU
		{35FB5F8C-3980-C63C-79C8-44493D7270E8}.Debug|Any CPU.Build.0 = Debug|Any CPU
		{35FB5F8C-3980-C63C-79C8-44493D7270E8}.Release|Any CPU.ActiveCfg = Release|Any CPU
		{35FB5F8C-3980-C63C-79C8-44493D7270E8}.Release|Any CPU.Build.0 = Release|Any CPU
		{FE41041F-44F8-25E1-32FB-467BE887C70C}.Debug|Any CPU.ActiveCfg = Debug|Any CPU
		{FE41041F-44F8-25E1-32FB-467BE887C70C}.Debug|Any CPU.Build.0 = Debug|Any CPU
		{FE41041F-44F8-25E1-32FB-467BE887C70C}.Release|Any CPU.ActiveCfg = Release|Any CPU
		{FE41041F-44F8-25E1-32FB-467BE887C70C}.Release|Any CPU.Build.0 = Release|Any CPU
		{0C233335-A125-51EB-A6D6-068010CE28EB}.Debug|Any CPU.ActiveCfg = Debug|Any CPU
		{0C233335-A125-51EB-A6D6-068010CE28EB}.Debug|Any CPU.Build.0 = Debug|Any CPU
		{0C233335-A125-51EB-A6D6-068010CE28EB}.Release|Any CPU.ActiveCfg = Release|Any CPU
		{0C233335-A125-51EB-A6D6-068010CE28EB}.Release|Any CPU.Build.0 = Release|Any CPU
		{3396DA84-E88A-4FAC-B7A3-BBF6A04B027E}.Debug|Any CPU.ActiveCfg = Debug|Any CPU
		{3396DA84-E88A-4FAC-B7A3-BBF6A04B027E}.Debug|Any CPU.Build.0 = Debug|Any CPU
		{3396DA84-E88A-4FAC-B7A3-BBF6A04B027E}.Release|Any CPU.ActiveCfg = Release|Any CPU
		{3396DA84-E88A-4FAC-B7A3-BBF6A04B027E}.Release|Any CPU.Build.0 = Release|Any CPU
		{DA833DA4-3575-49B3-B8E9-CEBD82238BB9}.Debug|Any CPU.ActiveCfg = Debug|Any CPU
		{DA833DA4-3575-49B3-B8E9-CEBD82238BB9}.Debug|Any CPU.Build.0 = Debug|Any CPU
		{DA833DA4-3575-49B3-B8E9-CEBD82238BB9}.Release|Any CPU.ActiveCfg = Release|Any CPU
		{DA833DA4-3575-49B3-B8E9-CEBD82238BB9}.Release|Any CPU.Build.0 = Release|Any CPU
		{7CF1D13E-A535-4588-832F-1AA19109CFEB}.Debug|Any CPU.ActiveCfg = Debug|Any CPU
		{7CF1D13E-A535-4588-832F-1AA19109CFEB}.Debug|Any CPU.Build.0 = Debug|Any CPU
		{7CF1D13E-A535-4588-832F-1AA19109CFEB}.Release|Any CPU.ActiveCfg = Release|Any CPU
		{7CF1D13E-A535-4588-832F-1AA19109CFEB}.Release|Any CPU.Build.0 = Release|Any CPU
		{CA20D31A-A038-4383-ABFA-D05CE5D6D1C8}.Debug|Any CPU.ActiveCfg = Debug|Any CPU
		{CA20D31A-A038-4383-ABFA-D05CE5D6D1C8}.Debug|Any CPU.Build.0 = Debug|Any CPU
		{CA20D31A-A038-4383-ABFA-D05CE5D6D1C8}.Release|Any CPU.ActiveCfg = Release|Any CPU
		{CA20D31A-A038-4383-ABFA-D05CE5D6D1C8}.Release|Any CPU.Build.0 = Release|Any CPU
	EndGlobalSection
	GlobalSection(SolutionProperties) = preSolution
		HideSolutionNode = FALSE
	EndGlobalSection
	GlobalSection(NestedProjects) = preSolution
		{44D74A0B-92CB-41E7-8875-0B35031D83CC} = {0B1064E3-B36E-4D3D-8225-56D9BEC5E4D7}
		{35FB5F8C-3980-C63C-79C8-44493D7270E8} = {0B1064E3-B36E-4D3D-8225-56D9BEC5E4D7}
		{FE41041F-44F8-25E1-32FB-467BE887C70C} = {0B1064E3-B36E-4D3D-8225-56D9BEC5E4D7}
		{0C233335-A125-51EB-A6D6-068010CE28EB} = {0B1064E3-B36E-4D3D-8225-56D9BEC5E4D7}
		{3396DA84-E88A-4FAC-B7A3-BBF6A04B027E} = {0B1064E3-B36E-4D3D-8225-56D9BEC5E4D7}
		{DA833DA4-3575-49B3-B8E9-CEBD82238BB9} = {0B1064E3-B36E-4D3D-8225-56D9BEC5E4D7}
		{7CF1D13E-A535-4588-832F-1AA19109CFEB} = {0B1064E3-B36E-4D3D-8225-56D9BEC5E4D7}
		{CA20D31A-A038-4383-ABFA-D05CE5D6D1C8} = {0B1064E3-B36E-4D3D-8225-56D9BEC5E4D7}
	EndGlobalSection
	GlobalSection(ExtensibilityGlobals) = postSolution
		SolutionGuid = {080EBB13-1D6C-49F4-B28C-0D848ABFF3F0}
	EndGlobalSection
EndGlobal
